
Microsoft Visual Studio Solution File, Format Version 12.00
# Visual Studio Version 17
VisualStudioVersion = 17.13.35913.81 d17.13
MinimumVisualStudioVersion = 10.0.40219.1
Project("{FAE04EC0-301F-11D3-BF4B-00C04F79EFBC}") = "IceTask2_BooleanBile", "IceTask2_BooleanBile.csproj", "{50E2640A-3066-499F-B768-56734811B0A4}"
EndProject
Global
	GlobalSection(SolutionConfigurationPlatforms) = preSolution
		Debug|Any CPU = Debug|Any CPU
		Release|Any CPU = Release|Any CPU
	EndGlobalSection
	GlobalSection(ProjectConfigurationPlatforms) = postSolution
		{50E2640A-3066-499F-B768-56734811B0A4}.Debug|Any CPU.ActiveCfg = Debug|Any CPU
		{50E2640A-3066-499F-B768-56734811B0A4}.Debug|Any CPU.Build.0 = Debug|Any CPU
		{50E2640A-3066-499F-B768-56734811B0A4}.Release|Any CPU.ActiveCfg = Release|Any CPU
		{50E2640A-3066-499F-B768-56734811B0A4}.Release|Any CPU.Build.0 = Release|Any CPU
	EndGlobalSection
	GlobalSection(SolutionProperties) = preSolution
		HideSolutionNode = FALSE
	EndGlobalSection
	GlobalSection(ExtensibilityGlobals) = postSolution
		SolutionGuid = {997E26FA-D0F5-4F35-87DE-8DE6B7ED1162}
	EndGlobalSection
EndGlobal
